
Microsoft Visual Studio Solution File, Format Version 12.00
# Visual Studio Version 17
VisualStudioVersion = 17.9.34728.123
MinimumVisualStudioVersion = 10.0.40219.1
Project("{FAE04EC0-301F-11D3-BF4B-00C04F79EFBC}") = "eSchool", "eSchool.csproj", "{1765A14E-2744-43AA-97C8-2596A79DB806}"
EndProject
Project("{FAE04EC0-301F-11D3-BF4B-00C04F79EFBC}") = "eSchool.DataAccess", "..\eSchool.DataAccess\eSchool.DataAccess.csproj", "{F82C3A26-5245-4A26-AC19-5646E344DE20}"
EndProject
Project("{FAE04EC0-301F-11D3-BF4B-00C04F79EFBC}") = "eSchool.Models", "..\eSchool.Models\eSchool.Models.csproj", "{115F93EE-92E3-40F4-A63F-DDB3FE487986}"
EndProject
Global
	GlobalSection(SolutionConfigurationPlatforms) = preSolution
		Debug|Any CPU = Debug|Any CPU
		Release|Any CPU = Release|Any CPU
	EndGlobalSection
	GlobalSection(ProjectConfigurationPlatforms) = postSolution
		{1765A14E-2744-43AA-97C8-2596A79DB806}.Debug|Any CPU.ActiveCfg = Debug|Any CPU
		{1765A14E-2744-43AA-97C8-2596A79DB806}.Debug|Any CPU.Build.0 = Debug|Any CPU
		{1765A14E-2744-43AA-97C8-2596A79DB806}.Release|Any CPU.ActiveCfg = Release|Any CPU
		{1765A14E-2744-43AA-97C8-2596A79DB806}.Release|Any CPU.Build.0 = Release|Any CPU
		{F82C3A26-5245-4A26-AC19-5646E344DE20}.Debug|Any CPU.ActiveCfg = Debug|Any CPU
		{F82C3A26-5245-4A26-AC19-5646E344DE20}.Debug|Any CPU.Build.0 = Debug|Any CPU
		{F82C3A26-5245-4A26-AC19-5646E344DE20}.Release|Any CPU.ActiveCfg = Release|Any CPU
		{F82C3A26-5245-4A26-AC19-5646E344DE20}.Release|Any CPU.Build.0 = Release|Any CPU
		{115F93EE-92E3-40F4-A63F-DDB3FE487986}.Debug|Any CPU.ActiveCfg = Debug|Any CPU
		{115F93EE-92E3-40F4-A63F-DDB3FE487986}.Debug|Any CPU.Build.0 = Debug|Any CPU
		{115F93EE-92E3-40F4-A63F-DDB3FE487986}.Release|Any CPU.ActiveCfg = Release|Any CPU
		{115F93EE-92E3-40F4-A63F-DDB3FE487986}.Release|Any CPU.Build.0 = Release|Any CPU
	EndGlobalSection
	GlobalSection(SolutionProperties) = preSolution
		HideSolutionNode = FALSE
	EndGlobalSection
	GlobalSection(ExtensibilityGlobals) = postSolution
		SolutionGuid = {0B4A668E-D0CC-451A-B202-00EDE8CCD5E0}
	EndGlobalSection
EndGlobal
